
Microsoft Visual Studio Solution File, Format Version 12.00
# Visual Studio 14
VisualStudioVersion = 14.0.25123.0
MinimumVisualStudioVersion = 10.0.40219.1
Project("{2150E333-8FDC-42A3-9474-1A3956D46DE8}") = "Solution Items", "Solution Items", "{E10DE234-2565-4642-A9C1-7412E05928F6}"
	ProjectSection(SolutionItems) = preProject
		.gitattributes = .gitattributes
		.gitignore = .gitignore
		LICENSE = LICENSE
		README.md = README.md
	EndProjectSection
EndProject
Project("{2150E333-8FDC-42A3-9474-1A3956D46DE8}") = "Documentation", "Documentation", "{0C94849C-3898-444D-827F-3E1137BD2728}"
	ProjectSection(SolutionItems) = preProject
		Documentation\Documentation.md = Documentation\Documentation.md
		Documentation\Installation.md = Documentation\Installation.md
		Documentation\ProjectStructure.md = Documentation\ProjectStructure.md
		Documentation\QuickStart.md = Documentation\QuickStart.md
	EndProjectSection
EndProject
Project("{2150E333-8FDC-42A3-9474-1A3956D46DE8}") = "Images", "Images", "{263D3AEF-5532-487E-9B2F-592848FCAE13}"
	ProjectSection(SolutionItems) = preProject
		Documentation\Images\Banner.png = Documentation\Images\Banner.png
		Documentation\Images\DialogService.jpg = Documentation\Images\DialogService.jpg
		Documentation\Images\Logo.fw.png = Documentation\Images\Logo.fw.png
		Documentation\Images\Logo.ico = Documentation\Images\Logo.ico
		Documentation\Images\Logo1024x1024.png = Documentation\Images\Logo1024x1024.png
		Documentation\Images\Logo128x128.png = Documentation\Images\Logo128x128.png
		Documentation\Images\Logo256x256.png = Documentation\Images\Logo256x256.png
		Documentation\Images\Logo32x32.png = Documentation\Images\Logo32x32.png
		Documentation\Images\Logo512x512.png = Documentation\Images\Logo512x512.png
		Documentation\Images\Logo64x64.png = Documentation\Images\Logo64x64.png
		Documentation\Images\ProjectCreationDialog.jpg = Documentation\Images\ProjectCreationDialog.jpg
		Documentation\Images\SampleApplicationCreateTodoListItemView.jpg = Documentation\Images\SampleApplicationCreateTodoListItemView.jpg
		Documentation\Images\SampleApplicationMainView.jpg = Documentation\Images\SampleApplicationMainView.jpg
		Documentation\Images\SampleApplicationMainWindow.jpg = Documentation\Images\SampleApplicationMainWindow.jpg
	EndProjectSection
EndProject
Project("{2150E333-8FDC-42A3-9474-1A3956D46DE8}") = "Samples", "Samples", "{5BD95894-83FE-497F-B046-9F16D2339A02}"
EndProject
Project("{2150E333-8FDC-42A3-9474-1A3956D46DE8}") = "NuGet", "NuGet", "{A80B66D5-83A3-4645-9766-C094082D3EE8}"
EndProject
Project("{FF286327-C783-4F7A-AB73-9BCBAD0D4460}") = "System.Windows.Mvvm", "NuGet\System.Windows.Mvvm\System.Windows.Mvvm.nuproj", "{2AE7D561-D045-4E97-9948-BB294BB3EAB2}"
EndProject
Project("{FAE04EC0-301F-11D3-BF4B-00C04F79EFBC}") = "MvvmFramework.Samples.Wpf", "Samples\MvvmFramework.Samples.Wpf\MvvmFramework.Samples.Wpf.csproj", "{E65CD314-34D9-48B6-A71F-512BA0ED43FC}"
EndProject
Project("{2150E333-8FDC-42A3-9474-1A3956D46DE8}") = "WPF", "WPF", "{85C48241-1D5D-4C1B-A4A0-E8E05B506510}"
EndProject
Project("{2150E333-8FDC-42A3-9474-1A3956D46DE8}") = "UWP", "UWP", "{06F6FD26-410C-41D5-AA6C-47ACF0BA6A6B}"
EndProject
Project("{FAE04EC0-301F-11D3-BF4B-00C04F79EFBC}") = "System.Windows.Mvvm.Application", "WPF\System.Windows.Mvvm.Application\System.Windows.Mvvm.Application.csproj", "{87A21405-B4EE-47A1-AB9D-7542ABDDF92E}"
EndProject
Project("{FAE04EC0-301F-11D3-BF4B-00C04F79EFBC}") = "System.Windows.Mvvm.Configuration", "WPF\System.Windows.Mvvm.Configuration\System.Windows.Mvvm.Configuration.csproj", "{4BF2CE70-E68E-4413-B229-180EF613F33A}"
EndProject
Project("{FAE04EC0-301F-11D3-BF4B-00C04F79EFBC}") = "System.Windows.Mvvm.Reactive", "WPF\System.Windows.Mvvm.Reactive\System.Windows.Mvvm.Reactive.csproj", "{F69D1CFB-E729-4087-8496-EEE1A0D2329F}"
EndProject
Project("{FAE04EC0-301F-11D3-BF4B-00C04F79EFBC}") = "System.Windows.Mvvm.Services.Application", "WPF\System.Windows.Mvvm.Services.Application\System.Windows.Mvvm.Services.Application.csproj", "{2F9DAD0B-504C-4A20-8112-80D6595CEE88}"
EndProject
Project("{FAE04EC0-301F-11D3-BF4B-00C04F79EFBC}") = "System.Windows.Mvvm.Services.Dialog", "WPF\System.Windows.Mvvm.Services.Dialog\System.Windows.Mvvm.Services.Dialog.csproj", "{D83D3704-21CA-410C-A50E-1F332EB79C4F}"
EndProject
Project("{FAE04EC0-301F-11D3-BF4B-00C04F79EFBC}") = "System.Windows.Mvvm.Services.Navigation", "WPF\System.Windows.Mvvm.Services.Navigation\System.Windows.Mvvm.Services.Navigation.csproj", "{BB9FB8FE-CC08-44F0-B4EA-B04B9FC8013F}"
EndProject
Project("{FAE04EC0-301F-11D3-BF4B-00C04F79EFBC}") = "System.Windows.Mvvm.Services.OperatingSystem", "WPF\System.Windows.Mvvm.Services.OperatingSystem\System.Windows.Mvvm.Services.OperatingSystem.csproj", "{156941F4-1B21-4831-8D2C-4012BF15F913}"
EndProject
Project("{FAE04EC0-301F-11D3-BF4B-00C04F79EFBC}") = "System.Windows.Mvvm.UI", "WPF\System.Windows.Mvvm.UI\System.Windows.Mvvm.UI.csproj", "{CF0D2326-4C2F-4F02-999C-49E5CBB43726}"
EndProject
Project("{FAE04EC0-301F-11D3-BF4B-00C04F79EFBC}") = "MvvmFramework.Samples.Uwp", "Samples\MvvmFramework.Samples.Uwp\MvvmFramework.Samples.Uwp.csproj", "{C3FAFADD-695A-4D06-AF6D-77B3DF088945}"
EndProject
Project("{FAE04EC0-301F-11D3-BF4B-00C04F79EFBC}") = "Windows.Mvvm.Application", "UWP\Windows.Mvvm.Application\Windows.Mvvm.Application.csproj", "{80C0BC54-7FAD-421B-B2B7-78DA1728A69E}"
EndProject
Project("{FAE04EC0-301F-11D3-BF4B-00C04F79EFBC}") = "Windows.Mvvm.Services.Navigation", "UWP\Windows.Mvvm.Services.Navigation\Windows.Mvvm.Services.Navigation.csproj", "{0A9D0956-848F-4453-B7EF-3F74BD49FD50}"
EndProject
Project("{FAE04EC0-301F-11D3-BF4B-00C04F79EFBC}") = "Windows.Mvvm.Reactive", "UWP\Windows.Mvvm.Reactive\Windows.Mvvm.Reactive.csproj", "{D0312848-48A4-49FD-AB25-EF803EEE4286}"
EndProject
Project("{FAE04EC0-301F-11D3-BF4B-00C04F79EFBC}") = "Windows.Mvvm.UI", "UWP\Windows.Mvvm.UI\Windows.Mvvm.UI.csproj", "{4E67ADEE-D34C-4EAA-B8E6-61C1EA5F8389}"
EndProject
Project("{FAE04EC0-301F-11D3-BF4B-00C04F79EFBC}") = "Windows.Mvvm.Services.Application", "UWP\Windows.Mvvm.Services.Application\Windows.Mvvm.Services.Application.csproj", "{771BB045-3F3E-4242-A648-A29D385C0CA2}"
EndProject
Project("{FAE04EC0-301F-11D3-BF4B-00C04F79EFBC}") = "Windows.Mvvm.Services.Dialog", "UWP\Windows.Mvvm.Services.Dialog\Windows.Mvvm.Services.Dialog.csproj", "{73410EA0-740F-4985-A36E-BA8932A17E7A}"
EndProject
Project("{FAE04EC0-301F-11D3-BF4B-00C04F79EFBC}") = "Windows.Mvvm.Configuration", "UWP\Windows.Mvvm.Configuration\Windows.Mvvm.Configuration.csproj", "{D1790B4F-A180-48F3-BC15-DADB0C501F8B}"
EndProject
Project("{FF286327-C783-4F7A-AB73-9BCBAD0D4460}") = "Windows.Mvvm", "NuGet\Windows.Mvvm\Windows.Mvvm.nuproj", "{720FF6CC-D21E-4A10-A162-3B476C7E80BD}"
EndProject
Global
	GlobalSection(SolutionConfigurationPlatforms) = preSolution
		Debug|Any CPU = Debug|Any CPU
		Debug|ARM = Debug|ARM
		Debug|x64 = Debug|x64
		Debug|x86 = Debug|x86
		Release|Any CPU = Release|Any CPU
		Release|ARM = Release|ARM
		Release|x64 = Release|x64
		Release|x86 = Release|x86
	EndGlobalSection
	GlobalSection(ProjectConfigurationPlatforms) = postSolution
		{2AE7D561-D045-4E97-9948-BB294BB3EAB2}.Debug|Any CPU.ActiveCfg = Debug|Any CPU
		{2AE7D561-D045-4E97-9948-BB294BB3EAB2}.Debug|Any CPU.Build.0 = Debug|Any CPU
		{2AE7D561-D045-4E97-9948-BB294BB3EAB2}.Debug|ARM.ActiveCfg = Debug|Any CPU
		{2AE7D561-D045-4E97-9948-BB294BB3EAB2}.Debug|ARM.Build.0 = Debug|Any CPU
		{2AE7D561-D045-4E97-9948-BB294BB3EAB2}.Debug|x64.ActiveCfg = Debug|Any CPU
		{2AE7D561-D045-4E97-9948-BB294BB3EAB2}.Debug|x64.Build.0 = Debug|Any CPU
		{2AE7D561-D045-4E97-9948-BB294BB3EAB2}.Debug|x86.ActiveCfg = Debug|Any CPU
		{2AE7D561-D045-4E97-9948-BB294BB3EAB2}.Debug|x86.Build.0 = Debug|Any CPU
		{2AE7D561-D045-4E97-9948-BB294BB3EAB2}.Release|Any CPU.ActiveCfg = Release|Any CPU
		{2AE7D561-D045-4E97-9948-BB294BB3EAB2}.Release|Any CPU.Build.0 = Release|Any CPU
		{2AE7D561-D045-4E97-9948-BB294BB3EAB2}.Release|ARM.ActiveCfg = Release|Any CPU
		{2AE7D561-D045-4E97-9948-BB294BB3EAB2}.Release|ARM.Build.0 = Release|Any CPU
		{2AE7D561-D045-4E97-9948-BB294BB3EAB2}.Release|x64.ActiveCfg = Release|Any CPU
		{2AE7D561-D045-4E97-9948-BB294BB3EAB2}.Release|x64.Build.0 = Release|Any CPU
		{2AE7D561-D045-4E97-9948-BB294BB3EAB2}.Release|x86.ActiveCfg = Release|Any CPU
		{2AE7D561-D045-4E97-9948-BB294BB3EAB2}.Release|x86.Build.0 = Release|Any CPU
		{E65CD314-34D9-48B6-A71F-512BA0ED43FC}.Debug|Any CPU.ActiveCfg = Debug|Any CPU
		{E65CD314-34D9-48B6-A71F-512BA0ED43FC}.Debug|Any CPU.Build.0 = Debug|Any CPU
		{E65CD314-34D9-48B6-A71F-512BA0ED43FC}.Debug|ARM.ActiveCfg = Debug|Any CPU
		{E65CD314-34D9-48B6-A71F-512BA0ED43FC}.Debug|ARM.Build.0 = Debug|Any CPU
		{E65CD314-34D9-48B6-A71F-512BA0ED43FC}.Debug|x64.ActiveCfg = Debug|Any CPU
		{E65CD314-34D9-48B6-A71F-512BA0ED43FC}.Debug|x64.Build.0 = Debug|Any CPU
		{E65CD314-34D9-48B6-A71F-512BA0ED43FC}.Debug|x86.ActiveCfg = Debug|Any CPU
		{E65CD314-34D9-48B6-A71F-512BA0ED43FC}.Debug|x86.Build.0 = Debug|Any CPU
		{E65CD314-34D9-48B6-A71F-512BA0ED43FC}.Release|Any CPU.ActiveCfg = Release|Any CPU
		{E65CD314-34D9-48B6-A71F-512BA0ED43FC}.Release|Any CPU.Build.0 = Release|Any CPU
		{E65CD314-34D9-48B6-A71F-512BA0ED43FC}.Release|ARM.ActiveCfg = Release|Any CPU
		{E65CD314-34D9-48B6-A71F-512BA0ED43FC}.Release|ARM.Build.0 = Release|Any CPU
		{E65CD314-34D9-48B6-A71F-512BA0ED43FC}.Release|x64.ActiveCfg = Release|Any CPU
		{E65CD314-34D9-48B6-A71F-512BA0ED43FC}.Release|x64.Build.0 = Release|Any CPU
		{E65CD314-34D9-48B6-A71F-512BA0ED43FC}.Release|x86.ActiveCfg = Release|Any CPU
		{E65CD314-34D9-48B6-A71F-512BA0ED43FC}.Release|x86.Build.0 = Release|Any CPU
		{87A21405-B4EE-47A1-AB9D-7542ABDDF92E}.Debug|Any CPU.ActiveCfg = Debug|Any CPU
		{87A21405-B4EE-47A1-AB9D-7542ABDDF92E}.Debug|Any CPU.Build.0 = Debug|Any CPU
		{87A21405-B4EE-47A1-AB9D-7542ABDDF92E}.Debug|ARM.ActiveCfg = Debug|Any CPU
		{87A21405-B4EE-47A1-AB9D-7542ABDDF92E}.Debug|ARM.Build.0 = Debug|Any CPU
		{87A21405-B4EE-47A1-AB9D-7542ABDDF92E}.Debug|x64.ActiveCfg = Debug|Any CPU
		{87A21405-B4EE-47A1-AB9D-7542ABDDF92E}.Debug|x64.Build.0 = Debug|Any CPU
		{87A21405-B4EE-47A1-AB9D-7542ABDDF92E}.Debug|x86.ActiveCfg = Debug|Any CPU
		{87A21405-B4EE-47A1-AB9D-7542ABDDF92E}.Debug|x86.Build.0 = Debug|Any CPU
		{87A21405-B4EE-47A1-AB9D-7542ABDDF92E}.Release|Any CPU.ActiveCfg = Release|Any CPU
		{87A21405-B4EE-47A1-AB9D-7542ABDDF92E}.Release|Any CPU.Build.0 = Release|Any CPU
		{87A21405-B4EE-47A1-AB9D-7542ABDDF92E}.Release|ARM.ActiveCfg = Release|Any CPU
		{87A21405-B4EE-47A1-AB9D-7542ABDDF92E}.Release|ARM.Build.0 = Release|Any CPU
		{87A21405-B4EE-47A1-AB9D-7542ABDDF92E}.Release|x64.ActiveCfg = Release|Any CPU
		{87A21405-B4EE-47A1-AB9D-7542ABDDF92E}.Release|x64.Build.0 = Release|Any CPU
		{87A21405-B4EE-47A1-AB9D-7542ABDDF92E}.Release|x86.ActiveCfg = Release|Any CPU
		{87A21405-B4EE-47A1-AB9D-7542ABDDF92E}.Release|x86.Build.0 = Release|Any CPU
		{4BF2CE70-E68E-4413-B229-180EF613F33A}.Debug|Any CPU.ActiveCfg = Debug|Any CPU
		{4BF2CE70-E68E-4413-B229-180EF613F33A}.Debug|Any CPU.Build.0 = Debug|Any CPU
		{4BF2CE70-E68E-4413-B229-180EF613F33A}.Debug|ARM.ActiveCfg = Debug|Any CPU
		{4BF2CE70-E68E-4413-B229-180EF613F33A}.Debug|ARM.Build.0 = Debug|Any CPU
		{4BF2CE70-E68E-4413-B229-180EF613F33A}.Debug|x64.ActiveCfg = Debug|Any CPU
		{4BF2CE70-E68E-4413-B229-180EF613F33A}.Debug|x64.Build.0 = Debug|Any CPU
		{4BF2CE70-E68E-4413-B229-180EF613F33A}.Debug|x86.ActiveCfg = Debug|Any CPU
		{4BF2CE70-E68E-4413-B229-180EF613F33A}.Debug|x86.Build.0 = Debug|Any CPU
		{4BF2CE70-E68E-4413-B229-180EF613F33A}.Release|Any CPU.ActiveCfg = Release|Any CPU
		{4BF2CE70-E68E-4413-B229-180EF613F33A}.Release|Any CPU.Build.0 = Release|Any CPU
		{4BF2CE70-E68E-4413-B229-180EF613F33A}.Release|ARM.ActiveCfg = Release|Any CPU
		{4BF2CE70-E68E-4413-B229-180EF613F33A}.Release|ARM.Build.0 = Release|Any CPU
		{4BF2CE70-E68E-4413-B229-180EF613F33A}.Release|x64.ActiveCfg = Release|Any CPU
		{4BF2CE70-E68E-4413-B229-180EF613F33A}.Release|x64.Build.0 = Release|Any CPU
		{4BF2CE70-E68E-4413-B229-180EF613F33A}.Release|x86.ActiveCfg = Release|Any CPU
		{4BF2CE70-E68E-4413-B229-180EF613F33A}.Release|x86.Build.0 = Release|Any CPU
		{F69D1CFB-E729-4087-8496-EEE1A0D2329F}.Debug|Any CPU.ActiveCfg = Debug|Any CPU
		{F69D1CFB-E729-4087-8496-EEE1A0D2329F}.Debug|Any CPU.Build.0 = Debug|Any CPU
		{F69D1CFB-E729-4087-8496-EEE1A0D2329F}.Debug|ARM.ActiveCfg = Debug|Any CPU
		{F69D1CFB-E729-4087-8496-EEE1A0D2329F}.Debug|ARM.Build.0 = Debug|Any CPU
		{F69D1CFB-E729-4087-8496-EEE1A0D2329F}.Debug|x64.ActiveCfg = Debug|Any CPU
		{F69D1CFB-E729-4087-8496-EEE1A0D2329F}.Debug|x64.Build.0 = Debug|Any CPU
		{F69D1CFB-E729-4087-8496-EEE1A0D2329F}.Debug|x86.ActiveCfg = Debug|Any CPU
		{F69D1CFB-E729-4087-8496-EEE1A0D2329F}.Debug|x86.Build.0 = Debug|Any CPU
		{F69D1CFB-E729-4087-8496-EEE1A0D2329F}.Release|Any CPU.ActiveCfg = Release|Any CPU
		{F69D1CFB-E729-4087-8496-EEE1A0D2329F}.Release|Any CPU.Build.0 = Release|Any CPU
		{F69D1CFB-E729-4087-8496-EEE1A0D2329F}.Release|ARM.ActiveCfg = Release|Any CPU
		{F69D1CFB-E729-4087-8496-EEE1A0D2329F}.Release|ARM.Build.0 = Release|Any CPU
		{F69D1CFB-E729-4087-8496-EEE1A0D2329F}.Release|x64.ActiveCfg = Release|Any CPU
		{F69D1CFB-E729-4087-8496-EEE1A0D2329F}.Release|x64.Build.0 = Release|Any CPU
		{F69D1CFB-E729-4087-8496-EEE1A0D2329F}.Release|x86.ActiveCfg = Release|Any CPU
		{F69D1CFB-E729-4087-8496-EEE1A0D2329F}.Release|x86.Build.0 = Release|Any CPU
		{2F9DAD0B-504C-4A20-8112-80D6595CEE88}.Debug|Any CPU.ActiveCfg = Debug|Any CPU
		{2F9DAD0B-504C-4A20-8112-80D6595CEE88}.Debug|Any CPU.Build.0 = Debug|Any CPU
		{2F9DAD0B-504C-4A20-8112-80D6595CEE88}.Debug|ARM.ActiveCfg = Debug|Any CPU
		{2F9DAD0B-504C-4A20-8112-80D6595CEE88}.Debug|ARM.Build.0 = Debug|Any CPU
		{2F9DAD0B-504C-4A20-8112-80D6595CEE88}.Debug|x64.ActiveCfg = Debug|Any CPU
		{2F9DAD0B-504C-4A20-8112-80D6595CEE88}.Debug|x64.Build.0 = Debug|Any CPU
		{2F9DAD0B-504C-4A20-8112-80D6595CEE88}.Debug|x86.ActiveCfg = Debug|Any CPU
		{2F9DAD0B-504C-4A20-8112-80D6595CEE88}.Debug|x86.Build.0 = Debug|Any CPU
		{2F9DAD0B-504C-4A20-8112-80D6595CEE88}.Release|Any CPU.ActiveCfg = Release|Any CPU
		{2F9DAD0B-504C-4A20-8112-80D6595CEE88}.Release|Any CPU.Build.0 = Release|Any CPU
		{2F9DAD0B-504C-4A20-8112-80D6595CEE88}.Release|ARM.ActiveCfg = Release|Any CPU
		{2F9DAD0B-504C-4A20-8112-80D6595CEE88}.Release|ARM.Build.0 = Release|Any CPU
		{2F9DAD0B-504C-4A20-8112-80D6595CEE88}.Release|x64.ActiveCfg = Release|Any CPU
		{2F9DAD0B-504C-4A20-8112-80D6595CEE88}.Release|x64.Build.0 = Release|Any CPU
		{2F9DAD0B-504C-4A20-8112-80D6595CEE88}.Release|x86.ActiveCfg = Release|Any CPU
		{2F9DAD0B-504C-4A20-8112-80D6595CEE88}.Release|x86.Build.0 = Release|Any CPU
		{D83D3704-21CA-410C-A50E-1F332EB79C4F}.Debug|Any CPU.ActiveCfg = Debug|Any CPU
		{D83D3704-21CA-410C-A50E-1F332EB79C4F}.Debug|Any CPU.Build.0 = Debug|Any CPU
		{D83D3704-21CA-410C-A50E-1F332EB79C4F}.Debug|ARM.ActiveCfg = Debug|Any CPU
		{D83D3704-21CA-410C-A50E-1F332EB79C4F}.Debug|ARM.Build.0 = Debug|Any CPU
		{D83D3704-21CA-410C-A50E-1F332EB79C4F}.Debug|x64.ActiveCfg = Debug|Any CPU
		{D83D3704-21CA-410C-A50E-1F332EB79C4F}.Debug|x64.Build.0 = Debug|Any CPU
		{D83D3704-21CA-410C-A50E-1F332EB79C4F}.Debug|x86.ActiveCfg = Debug|Any CPU
		{D83D3704-21CA-410C-A50E-1F332EB79C4F}.Debug|x86.Build.0 = Debug|Any CPU
		{D83D3704-21CA-410C-A50E-1F332EB79C4F}.Release|Any CPU.ActiveCfg = Release|Any CPU
		{D83D3704-21CA-410C-A50E-1F332EB79C4F}.Release|Any CPU.Build.0 = Release|Any CPU
		{D83D3704-21CA-410C-A50E-1F332EB79C4F}.Release|ARM.ActiveCfg = Release|Any CPU
		{D83D3704-21CA-410C-A50E-1F332EB79C4F}.Release|ARM.Build.0 = Release|Any CPU
		{D83D3704-21CA-410C-A50E-1F332EB79C4F}.Release|x64.ActiveCfg = Release|Any CPU
		{D83D3704-21CA-410C-A50E-1F332EB79C4F}.Release|x64.Build.0 = Release|Any CPU
		{D83D3704-21CA-410C-A50E-1F332EB79C4F}.Release|x86.ActiveCfg = Release|Any CPU
		{D83D3704-21CA-410C-A50E-1F332EB79C4F}.Release|x86.Build.0 = Release|Any CPU
		{BB9FB8FE-CC08-44F0-B4EA-B04B9FC8013F}.Debug|Any CPU.ActiveCfg = Debug|Any CPU
		{BB9FB8FE-CC08-44F0-B4EA-B04B9FC8013F}.Debug|Any CPU.Build.0 = Debug|Any CPU
		{BB9FB8FE-CC08-44F0-B4EA-B04B9FC8013F}.Debug|ARM.ActiveCfg = Debug|Any CPU
		{BB9FB8FE-CC08-44F0-B4EA-B04B9FC8013F}.Debug|ARM.Build.0 = Debug|Any CPU
		{BB9FB8FE-CC08-44F0-B4EA-B04B9FC8013F}.Debug|x64.ActiveCfg = Debug|Any CPU
		{BB9FB8FE-CC08-44F0-B4EA-B04B9FC8013F}.Debug|x64.Build.0 = Debug|Any CPU
		{BB9FB8FE-CC08-44F0-B4EA-B04B9FC8013F}.Debug|x86.ActiveCfg = Debug|Any CPU
		{BB9FB8FE-CC08-44F0-B4EA-B04B9FC8013F}.Debug|x86.Build.0 = Debug|Any CPU
		{BB9FB8FE-CC08-44F0-B4EA-B04B9FC8013F}.Release|Any CPU.ActiveCfg = Release|Any CPU
		{BB9FB8FE-CC08-44F0-B4EA-B04B9FC8013F}.Release|Any CPU.Build.0 = Release|Any CPU
		{BB9FB8FE-CC08-44F0-B4EA-B04B9FC8013F}.Release|ARM.ActiveCfg = Release|Any CPU
		{BB9FB8FE-CC08-44F0-B4EA-B04B9FC8013F}.Release|ARM.Build.0 = Release|Any CPU
		{BB9FB8FE-CC08-44F0-B4EA-B04B9FC8013F}.Release|x64.ActiveCfg = Release|Any CPU
		{BB9FB8FE-CC08-44F0-B4EA-B04B9FC8013F}.Release|x64.Build.0 = Release|Any CPU
		{BB9FB8FE-CC08-44F0-B4EA-B04B9FC8013F}.Release|x86.ActiveCfg = Release|Any CPU
		{BB9FB8FE-CC08-44F0-B4EA-B04B9FC8013F}.Release|x86.Build.0 = Release|Any CPU
		{156941F4-1B21-4831-8D2C-4012BF15F913}.Debug|Any CPU.ActiveCfg = Debug|Any CPU
		{156941F4-1B21-4831-8D2C-4012BF15F913}.Debug|Any CPU.Build.0 = Debug|Any CPU
		{156941F4-1B21-4831-8D2C-4012BF15F913}.Debug|ARM.ActiveCfg = Debug|Any CPU
		{156941F4-1B21-4831-8D2C-4012BF15F913}.Debug|ARM.Build.0 = Debug|Any CPU
		{156941F4-1B21-4831-8D2C-4012BF15F913}.Debug|x64.ActiveCfg = Debug|Any CPU
		{156941F4-1B21-4831-8D2C-4012BF15F913}.Debug|x64.Build.0 = Debug|Any CPU
		{156941F4-1B21-4831-8D2C-4012BF15F913}.Debug|x86.ActiveCfg = Debug|Any CPU
		{156941F4-1B21-4831-8D2C-4012BF15F913}.Debug|x86.Build.0 = Debug|Any CPU
		{156941F4-1B21-4831-8D2C-4012BF15F913}.Release|Any CPU.ActiveCfg = Release|Any CPU
		{156941F4-1B21-4831-8D2C-4012BF15F913}.Release|Any CPU.Build.0 = Release|Any CPU
		{156941F4-1B21-4831-8D2C-4012BF15F913}.Release|ARM.ActiveCfg = Release|Any CPU
		{156941F4-1B21-4831-8D2C-4012BF15F913}.Release|ARM.Build.0 = Release|Any CPU
		{156941F4-1B21-4831-8D2C-4012BF15F913}.Release|x64.ActiveCfg = Release|Any CPU
		{156941F4-1B21-4831-8D2C-4012BF15F913}.Release|x64.Build.0 = Release|Any CPU
		{156941F4-1B21-4831-8D2C-4012BF15F913}.Release|x86.ActiveCfg = Release|Any CPU
		{156941F4-1B21-4831-8D2C-4012BF15F913}.Release|x86.Build.0 = Release|Any CPU
		{CF0D2326-4C2F-4F02-999C-49E5CBB43726}.Debug|Any CPU.ActiveCfg = Debug|Any CPU
		{CF0D2326-4C2F-4F02-999C-49E5CBB43726}.Debug|Any CPU.Build.0 = Debug|Any CPU
		{CF0D2326-4C2F-4F02-999C-49E5CBB43726}.Debug|ARM.ActiveCfg = Debug|Any CPU
		{CF0D2326-4C2F-4F02-999C-49E5CBB43726}.Debug|ARM.Build.0 = Debug|Any CPU
		{CF0D2326-4C2F-4F02-999C-49E5CBB43726}.Debug|x64.ActiveCfg = Debug|Any CPU
		{CF0D2326-4C2F-4F02-999C-49E5CBB43726}.Debug|x64.Build.0 = Debug|Any CPU
		{CF0D2326-4C2F-4F02-999C-49E5CBB43726}.Debug|x86.ActiveCfg = Debug|Any CPU
		{CF0D2326-4C2F-4F02-999C-49E5CBB43726}.Debug|x86.Build.0 = Debug|Any CPU
		{CF0D2326-4C2F-4F02-999C-49E5CBB43726}.Release|Any CPU.ActiveCfg = Release|Any CPU
		{CF0D2326-4C2F-4F02-999C-49E5CBB43726}.Release|Any CPU.Build.0 = Release|Any CPU
		{CF0D2326-4C2F-4F02-999C-49E5CBB43726}.Release|ARM.ActiveCfg = Release|Any CPU
		{CF0D2326-4C2F-4F02-999C-49E5CBB43726}.Release|ARM.Build.0 = Release|Any CPU
		{CF0D2326-4C2F-4F02-999C-49E5CBB43726}.Release|x64.ActiveCfg = Release|Any CPU
		{CF0D2326-4C2F-4F02-999C-49E5CBB43726}.Release|x64.Build.0 = Release|Any CPU
		{CF0D2326-4C2F-4F02-999C-49E5CBB43726}.Release|x86.ActiveCfg = Release|Any CPU
		{CF0D2326-4C2F-4F02-999C-49E5CBB43726}.Release|x86.Build.0 = Release|Any CPU
		{C3FAFADD-695A-4D06-AF6D-77B3DF088945}.Debug|Any CPU.ActiveCfg = Debug|x86
		{C3FAFADD-695A-4D06-AF6D-77B3DF088945}.Debug|ARM.ActiveCfg = Debug|ARM
		{C3FAFADD-695A-4D06-AF6D-77B3DF088945}.Debug|ARM.Build.0 = Debug|ARM
		{C3FAFADD-695A-4D06-AF6D-77B3DF088945}.Debug|ARM.Deploy.0 = Debug|ARM
		{C3FAFADD-695A-4D06-AF6D-77B3DF088945}.Debug|x64.ActiveCfg = Debug|x64
		{C3FAFADD-695A-4D06-AF6D-77B3DF088945}.Debug|x64.Build.0 = Debug|x64
		{C3FAFADD-695A-4D06-AF6D-77B3DF088945}.Debug|x64.Deploy.0 = Debug|x64
		{C3FAFADD-695A-4D06-AF6D-77B3DF088945}.Debug|x86.ActiveCfg = Debug|x86
		{C3FAFADD-695A-4D06-AF6D-77B3DF088945}.Debug|x86.Build.0 = Debug|x86
		{C3FAFADD-695A-4D06-AF6D-77B3DF088945}.Debug|x86.Deploy.0 = Debug|x86
		{C3FAFADD-695A-4D06-AF6D-77B3DF088945}.Release|Any CPU.ActiveCfg = Release|x86
		{C3FAFADD-695A-4D06-AF6D-77B3DF088945}.Release|ARM.ActiveCfg = Release|ARM
		{C3FAFADD-695A-4D06-AF6D-77B3DF088945}.Release|ARM.Build.0 = Release|ARM
		{C3FAFADD-695A-4D06-AF6D-77B3DF088945}.Release|ARM.Deploy.0 = Release|ARM
		{C3FAFADD-695A-4D06-AF6D-77B3DF088945}.Release|x64.ActiveCfg = Release|x64
		{C3FAFADD-695A-4D06-AF6D-77B3DF088945}.Release|x64.Build.0 = Release|x64
		{C3FAFADD-695A-4D06-AF6D-77B3DF088945}.Release|x64.Deploy.0 = Release|x64
		{C3FAFADD-695A-4D06-AF6D-77B3DF088945}.Release|x86.ActiveCfg = Release|x86
		{C3FAFADD-695A-4D06-AF6D-77B3DF088945}.Release|x86.Build.0 = Release|x86
		{C3FAFADD-695A-4D06-AF6D-77B3DF088945}.Release|x86.Deploy.0 = Release|x86
		{80C0BC54-7FAD-421B-B2B7-78DA1728A69E}.Debug|Any CPU.ActiveCfg = Debug|Any CPU
		{80C0BC54-7FAD-421B-B2B7-78DA1728A69E}.Debug|Any CPU.Build.0 = Debug|Any CPU
		{80C0BC54-7FAD-421B-B2B7-78DA1728A69E}.Debug|ARM.ActiveCfg = Debug|ARM
		{80C0BC54-7FAD-421B-B2B7-78DA1728A69E}.Debug|ARM.Build.0 = Debug|ARM
		{80C0BC54-7FAD-421B-B2B7-78DA1728A69E}.Debug|x64.ActiveCfg = Debug|x64
		{80C0BC54-7FAD-421B-B2B7-78DA1728A69E}.Debug|x64.Build.0 = Debug|x64
		{80C0BC54-7FAD-421B-B2B7-78DA1728A69E}.Debug|x86.ActiveCfg = Debug|x86
		{80C0BC54-7FAD-421B-B2B7-78DA1728A69E}.Debug|x86.Build.0 = Debug|x86
		{80C0BC54-7FAD-421B-B2B7-78DA1728A69E}.Release|Any CPU.ActiveCfg = Release|Any CPU
		{80C0BC54-7FAD-421B-B2B7-78DA1728A69E}.Release|Any CPU.Build.0 = Release|Any CPU
		{80C0BC54-7FAD-421B-B2B7-78DA1728A69E}.Release|ARM.ActiveCfg = Release|ARM
		{80C0BC54-7FAD-421B-B2B7-78DA1728A69E}.Release|ARM.Build.0 = Release|ARM
		{80C0BC54-7FAD-421B-B2B7-78DA1728A69E}.Release|x64.ActiveCfg = Release|x64
		{80C0BC54-7FAD-421B-B2B7-78DA1728A69E}.Release|x64.Build.0 = Release|x64
		{80C0BC54-7FAD-421B-B2B7-78DA1728A69E}.Release|x86.ActiveCfg = Release|x86
		{80C0BC54-7FAD-421B-B2B7-78DA1728A69E}.Release|x86.Build.0 = Release|x86
		{0A9D0956-848F-4453-B7EF-3F74BD49FD50}.Debug|Any CPU.ActiveCfg = Debug|Any CPU
		{0A9D0956-848F-4453-B7EF-3F74BD49FD50}.Debug|Any CPU.Build.0 = Debug|Any CPU
		{0A9D0956-848F-4453-B7EF-3F74BD49FD50}.Debug|ARM.ActiveCfg = Debug|ARM
		{0A9D0956-848F-4453-B7EF-3F74BD49FD50}.Debug|ARM.Build.0 = Debug|ARM
		{0A9D0956-848F-4453-B7EF-3F74BD49FD50}.Debug|x64.ActiveCfg = Debug|x64
		{0A9D0956-848F-4453-B7EF-3F74BD49FD50}.Debug|x64.Build.0 = Debug|x64
		{0A9D0956-848F-4453-B7EF-3F74BD49FD50}.Debug|x86.ActiveCfg = Debug|x86
		{0A9D0956-848F-4453-B7EF-3F74BD49FD50}.Debug|x86.Build.0 = Debug|x86
		{0A9D0956-848F-4453-B7EF-3F74BD49FD50}.Release|Any CPU.ActiveCfg = Release|Any CPU
		{0A9D0956-848F-4453-B7EF-3F74BD49FD50}.Release|Any CPU.Build.0 = Release|Any CPU
		{0A9D0956-848F-4453-B7EF-3F74BD49FD50}.Release|ARM.ActiveCfg = Release|ARM
		{0A9D0956-848F-4453-B7EF-3F74BD49FD50}.Release|ARM.Build.0 = Release|ARM
		{0A9D0956-848F-4453-B7EF-3F74BD49FD50}.Release|x64.ActiveCfg = Release|x64
		{0A9D0956-848F-4453-B7EF-3F74BD49FD50}.Release|x64.Build.0 = Release|x64
		{0A9D0956-848F-4453-B7EF-3F74BD49FD50}.Release|x86.ActiveCfg = Release|x86
		{0A9D0956-848F-4453-B7EF-3F74BD49FD50}.Release|x86.Build.0 = Release|x86
		{D0312848-48A4-49FD-AB25-EF803EEE4286}.Debug|Any CPU.ActiveCfg = Debug|Any CPU
		{D0312848-48A4-49FD-AB25-EF803EEE4286}.Debug|Any CPU.Build.0 = Debug|Any CPU
		{D0312848-48A4-49FD-AB25-EF803EEE4286}.Debug|ARM.ActiveCfg = Debug|ARM
		{D0312848-48A4-49FD-AB25-EF803EEE4286}.Debug|ARM.Build.0 = Debug|ARM
		{D0312848-48A4-49FD-AB25-EF803EEE4286}.Debug|x64.ActiveCfg = Debug|x64
		{D0312848-48A4-49FD-AB25-EF803EEE4286}.Debug|x64.Build.0 = Debug|x64
		{D0312848-48A4-49FD-AB25-EF803EEE4286}.Debug|x86.ActiveCfg = Debug|x86
		{D0312848-48A4-49FD-AB25-EF803EEE4286}.Debug|x86.Build.0 = Debug|x86
		{D0312848-48A4-49FD-AB25-EF803EEE4286}.Release|Any CPU.ActiveCfg = Release|Any CPU
		{D0312848-48A4-49FD-AB25-EF803EEE4286}.Release|Any CPU.Build.0 = Release|Any CPU
		{D0312848-48A4-49FD-AB25-EF803EEE4286}.Release|ARM.ActiveCfg = Release|ARM
		{D0312848-48A4-49FD-AB25-EF803EEE4286}.Release|ARM.Build.0 = Release|ARM
		{D0312848-48A4-49FD-AB25-EF803EEE4286}.Release|x64.ActiveCfg = Release|x64
		{D0312848-48A4-49FD-AB25-EF803EEE4286}.Release|x64.Build.0 = Release|x64
		{D0312848-48A4-49FD-AB25-EF803EEE4286}.Release|x86.ActiveCfg = Release|x86
		{D0312848-48A4-49FD-AB25-EF803EEE4286}.Release|x86.Build.0 = Release|x86
		{4E67ADEE-D34C-4EAA-B8E6-61C1EA5F8389}.Debug|Any CPU.ActiveCfg = Debug|Any CPU
		{4E67ADEE-D34C-4EAA-B8E6-61C1EA5F8389}.Debug|Any CPU.Build.0 = Debug|Any CPU
		{4E67ADEE-D34C-4EAA-B8E6-61C1EA5F8389}.Debug|ARM.ActiveCfg = Debug|ARM
		{4E67ADEE-D34C-4EAA-B8E6-61C1EA5F8389}.Debug|ARM.Build.0 = Debug|ARM
		{4E67ADEE-D34C-4EAA-B8E6-61C1EA5F8389}.Debug|x64.ActiveCfg = Debug|x64
		{4E67ADEE-D34C-4EAA-B8E6-61C1EA5F8389}.Debug|x64.Build.0 = Debug|x64
		{4E67ADEE-D34C-4EAA-B8E6-61C1EA5F8389}.Debug|x86.ActiveCfg = Debug|x86
		{4E67ADEE-D34C-4EAA-B8E6-61C1EA5F8389}.Debug|x86.Build.0 = Debug|x86
		{4E67ADEE-D34C-4EAA-B8E6-61C1EA5F8389}.Release|Any CPU.ActiveCfg = Release|Any CPU
		{4E67ADEE-D34C-4EAA-B8E6-61C1EA5F8389}.Release|Any CPU.Build.0 = Release|Any CPU
		{4E67ADEE-D34C-4EAA-B8E6-61C1EA5F8389}.Release|ARM.ActiveCfg = Release|ARM
		{4E67ADEE-D34C-4EAA-B8E6-61C1EA5F8389}.Release|ARM.Build.0 = Release|ARM
		{4E67ADEE-D34C-4EAA-B8E6-61C1EA5F8389}.Release|x64.ActiveCfg = Release|x64
		{4E67ADEE-D34C-4EAA-B8E6-61C1EA5F8389}.Release|x64.Build.0 = Release|x64
		{4E67ADEE-D34C-4EAA-B8E6-61C1EA5F8389}.Release|x86.ActiveCfg = Release|x86
		{4E67ADEE-D34C-4EAA-B8E6-61C1EA5F8389}.Release|x86.Build.0 = Release|x86
		{771BB045-3F3E-4242-A648-A29D385C0CA2}.Debug|Any CPU.ActiveCfg = Debug|Any CPU
		{771BB045-3F3E-4242-A648-A29D385C0CA2}.Debug|Any CPU.Build.0 = Debug|Any CPU
		{771BB045-3F3E-4242-A648-A29D385C0CA2}.Debug|ARM.ActiveCfg = Debug|ARM
		{771BB045-3F3E-4242-A648-A29D385C0CA2}.Debug|ARM.Build.0 = Debug|ARM
		{771BB045-3F3E-4242-A648-A29D385C0CA2}.Debug|x64.ActiveCfg = Debug|x64
		{771BB045-3F3E-4242-A648-A29D385C0CA2}.Debug|x64.Build.0 = Debug|x64
		{771BB045-3F3E-4242-A648-A29D385C0CA2}.Debug|x86.ActiveCfg = Debug|x86
		{771BB045-3F3E-4242-A648-A29D385C0CA2}.Debug|x86.Build.0 = Debug|x86
		{771BB045-3F3E-4242-A648-A29D385C0CA2}.Release|Any CPU.ActiveCfg = Release|Any CPU
		{771BB045-3F3E-4242-A648-A29D385C0CA2}.Release|Any CPU.Build.0 = Release|Any CPU
		{771BB045-3F3E-4242-A648-A29D385C0CA2}.Release|ARM.ActiveCfg = Release|ARM
		{771BB045-3F3E-4242-A648-A29D385C0CA2}.Release|ARM.Build.0 = Release|ARM
		{771BB045-3F3E-4242-A648-A29D385C0CA2}.Release|x64.ActiveCfg = Release|x64
		{771BB045-3F3E-4242-A648-A29D385C0CA2}.Release|x64.Build.0 = Release|x64
		{771BB045-3F3E-4242-A648-A29D385C0CA2}.Release|x86.ActiveCfg = Release|x86
		{771BB045-3F3E-4242-A648-A29D385C0CA2}.Release|x86.Build.0 = Release|x86
		{73410EA0-740F-4985-A36E-BA8932A17E7A}.Debug|Any CPU.ActiveCfg = Debug|Any CPU
		{73410EA0-740F-4985-A36E-BA8932A17E7A}.Debug|Any CPU.Build.0 = Debug|Any CPU
		{73410EA0-740F-4985-A36E-BA8932A17E7A}.Debug|ARM.ActiveCfg = Debug|ARM
		{73410EA0-740F-4985-A36E-BA8932A17E7A}.Debug|ARM.Build.0 = Debug|ARM
		{73410EA0-740F-4985-A36E-BA8932A17E7A}.Debug|x64.ActiveCfg = Debug|x64
		{73410EA0-740F-4985-A36E-BA8932A17E7A}.Debug|x64.Build.0 = Debug|x64
		{73410EA0-740F-4985-A36E-BA8932A17E7A}.Debug|x86.ActiveCfg = Debug|x86
		{73410EA0-740F-4985-A36E-BA8932A17E7A}.Debug|x86.Build.0 = Debug|x86
		{73410EA0-740F-4985-A36E-BA8932A17E7A}.Release|Any CPU.ActiveCfg = Release|Any CPU
		{73410EA0-740F-4985-A36E-BA8932A17E7A}.Release|Any CPU.Build.0 = Release|Any CPU
		{73410EA0-740F-4985-A36E-BA8932A17E7A}.Release|ARM.ActiveCfg = Release|ARM
		{73410EA0-740F-4985-A36E-BA8932A17E7A}.Release|ARM.Build.0 = Release|ARM
		{73410EA0-740F-4985-A36E-BA8932A17E7A}.Release|x64.ActiveCfg = Release|x64
		{73410EA0-740F-4985-A36E-BA8932A17E7A}.Release|x64.Build.0 = Release|x64
		{73410EA0-740F-4985-A36E-BA8932A17E7A}.Release|x86.ActiveCfg = Release|x86
		{73410EA0-740F-4985-A36E-BA8932A17E7A}.Release|x86.Build.0 = Release|x86
		{D1790B4F-A180-48F3-BC15-DADB0C501F8B}.Debug|Any CPU.ActiveCfg = Debug|Any CPU
		{D1790B4F-A180-48F3-BC15-DADB0C501F8B}.Debug|Any CPU.Build.0 = Debug|Any CPU
		{D1790B4F-A180-48F3-BC15-DADB0C501F8B}.Debug|ARM.ActiveCfg = Debug|ARM
		{D1790B4F-A180-48F3-BC15-DADB0C501F8B}.Debug|ARM.Build.0 = Debug|ARM
		{D1790B4F-A180-48F3-BC15-DADB0C501F8B}.Debug|x64.ActiveCfg = Debug|x64
		{D1790B4F-A180-48F3-BC15-DADB0C501F8B}.Debug|x64.Build.0 = Debug|x64
		{D1790B4F-A180-48F3-BC15-DADB0C501F8B}.Debug|x86.ActiveCfg = Debug|x86
		{D1790B4F-A180-48F3-BC15-DADB0C501F8B}.Debug|x86.Build.0 = Debug|x86
		{D1790B4F-A180-48F3-BC15-DADB0C501F8B}.Release|Any CPU.ActiveCfg = Release|Any CPU
		{D1790B4F-A180-48F3-BC15-DADB0C501F8B}.Release|Any CPU.Build.0 = Release|Any CPU
		{D1790B4F-A180-48F3-BC15-DADB0C501F8B}.Release|ARM.ActiveCfg = Release|ARM
		{D1790B4F-A180-48F3-BC15-DADB0C501F8B}.Release|ARM.Build.0 = Release|ARM
		{D1790B4F-A180-48F3-BC15-DADB0C501F8B}.Release|x64.ActiveCfg = Release|x64
		{D1790B4F-A180-48F3-BC15-DADB0C501F8B}.Release|x64.Build.0 = Release|x64
		{D1790B4F-A180-48F3-BC15-DADB0C501F8B}.Release|x86.ActiveCfg = Release|x86
		{D1790B4F-A180-48F3-BC15-DADB0C501F8B}.Release|x86.Build.0 = Release|x86
		{720FF6CC-D21E-4A10-A162-3B476C7E80BD}.Debug|Any CPU.ActiveCfg = Debug|Any CPU
		{720FF6CC-D21E-4A10-A162-3B476C7E80BD}.Debug|Any CPU.Build.0 = Debug|Any CPU
		{720FF6CC-D21E-4A10-A162-3B476C7E80BD}.Debug|ARM.ActiveCfg = Debug|Any CPU
		{720FF6CC-D21E-4A10-A162-3B476C7E80BD}.Debug|ARM.Build.0 = Debug|Any CPU
		{720FF6CC-D21E-4A10-A162-3B476C7E80BD}.Debug|x64.ActiveCfg = Debug|Any CPU
		{720FF6CC-D21E-4A10-A162-3B476C7E80BD}.Debug|x64.Build.0 = Debug|Any CPU
		{720FF6CC-D21E-4A10-A162-3B476C7E80BD}.Debug|x86.ActiveCfg = Debug|Any CPU
		{720FF6CC-D21E-4A10-A162-3B476C7E80BD}.Debug|x86.Build.0 = Debug|Any CPU
		{720FF6CC-D21E-4A10-A162-3B476C7E80BD}.Release|Any CPU.ActiveCfg = Release|Any CPU
		{720FF6CC-D21E-4A10-A162-3B476C7E80BD}.Release|Any CPU.Build.0 = Release|Any CPU
		{720FF6CC-D21E-4A10-A162-3B476C7E80BD}.Release|ARM.ActiveCfg = Release|Any CPU
		{720FF6CC-D21E-4A10-A162-3B476C7E80BD}.Release|ARM.Build.0 = Release|Any CPU
		{720FF6CC-D21E-4A10-A162-3B476C7E80BD}.Release|x64.ActiveCfg = Release|Any CPU
		{720FF6CC-D21E-4A10-A162-3B476C7E80BD}.Release|x64.Build.0 = Release|Any CPU
		{720FF6CC-D21E-4A10-A162-3B476C7E80BD}.Release|x86.ActiveCfg = Release|Any CPU
		{720FF6CC-D21E-4A10-A162-3B476C7E80BD}.Release|x86.Build.0 = Release|Any CPU
	EndGlobalSection
	GlobalSection(SolutionProperties) = preSolution
		HideSolutionNode = FALSE
	EndGlobalSection
	GlobalSection(NestedProjects) = preSolution
		{0C94849C-3898-444D-827F-3E1137BD2728} = {E10DE234-2565-4642-A9C1-7412E05928F6}
		{263D3AEF-5532-487E-9B2F-592848FCAE13} = {0C94849C-3898-444D-827F-3E1137BD2728}
		{2AE7D561-D045-4E97-9948-BB294BB3EAB2} = {A80B66D5-83A3-4645-9766-C094082D3EE8}
		{E65CD314-34D9-48B6-A71F-512BA0ED43FC} = {5BD95894-83FE-497F-B046-9F16D2339A02}
		{87A21405-B4EE-47A1-AB9D-7542ABDDF92E} = {85C48241-1D5D-4C1B-A4A0-E8E05B506510}
		{4BF2CE70-E68E-4413-B229-180EF613F33A} = {85C48241-1D5D-4C1B-A4A0-E8E05B506510}
		{F69D1CFB-E729-4087-8496-EEE1A0D2329F} = {85C48241-1D5D-4C1B-A4A0-E8E05B506510}
		{2F9DAD0B-504C-4A20-8112-80D6595CEE88} = {85C48241-1D5D-4C1B-A4A0-E8E05B506510}
		{D83D3704-21CA-410C-A50E-1F332EB79C4F} = {85C48241-1D5D-4C1B-A4A0-E8E05B506510}
		{BB9FB8FE-CC08-44F0-B4EA-B04B9FC8013F} = {85C48241-1D5D-4C1B-A4A0-E8E05B506510}
		{156941F4-1B21-4831-8D2C-4012BF15F913} = {85C48241-1D5D-4C1B-A4A0-E8E05B506510}
		{CF0D2326-4C2F-4F02-999C-49E5CBB43726} = {85C48241-1D5D-4C1B-A4A0-E8E05B506510}
		{C3FAFADD-695A-4D06-AF6D-77B3DF088945} = {5BD95894-83FE-497F-B046-9F16D2339A02}
		{80C0BC54-7FAD-421B-B2B7-78DA1728A69E} = {06F6FD26-410C-41D5-AA6C-47ACF0BA6A6B}
		{0A9D0956-848F-4453-B7EF-3F74BD49FD50} = {06F6FD26-410C-41D5-AA6C-47ACF0BA6A6B}
		{D0312848-48A4-49FD-AB25-EF803EEE4286} = {06F6FD26-410C-41D5-AA6C-47ACF0BA6A6B}
		{4E67ADEE-D34C-4EAA-B8E6-61C1EA5F8389} = {06F6FD26-410C-41D5-AA6C-47ACF0BA6A6B}
		{771BB045-3F3E-4242-A648-A29D385C0CA2} = {06F6FD26-410C-41D5-AA6C-47ACF0BA6A6B}
		{73410EA0-740F-4985-A36E-BA8932A17E7A} = {06F6FD26-410C-41D5-AA6C-47ACF0BA6A6B}
		{D1790B4F-A180-48F3-BC15-DADB0C501F8B} = {06F6FD26-410C-41D5-AA6C-47ACF0BA6A6B}
		{720FF6CC-D21E-4A10-A162-3B476C7E80BD} = {A80B66D5-83A3-4645-9766-C094082D3EE8}
	EndGlobalSection
EndGlobal
